
Microsoft Visual Studio Solution File, Format Version 12.00
# Visual Studio Version 16
VisualStudioVersion = 16.0.30002.166
MinimumVisualStudioVersion = 10.0.40219.1
Project("{FAE04EC0-301F-11D3-BF4B-00C04F79EFBC}") = "WIN_FORM_GIT_SAMPLE", "WIN_FORM_GIT_SAMPLE\WIN_FORM_GIT_SAMPLE.csproj", "{7B8CE3D2-66F8-4A52-8F78-43253696D7DE}"
EndProject
Global
	GlobalSection(SolutionConfigurationPlatforms) = preSolution
		Debug|Any CPU = Debug|Any CPU
		Release|Any CPU = Release|Any CPU
	EndGlobalSection
	GlobalSection(ProjectConfigurationPlatforms) = postSolution
		{7B8CE3D2-66F8-4A52-8F78-43253696D7DE}.Debug|Any CPU.ActiveCfg = Debug|Any CPU
		{7B8CE3D2-66F8-4A52-8F78-43253696D7DE}.Debug|Any CPU.Build.0 = Debug|Any CPU
		{7B8CE3D2-66F8-4A52-8F78-43253696D7DE}.Release|Any CPU.ActiveCfg = Release|Any CPU
		{7B8CE3D2-66F8-4A52-8F78-43253696D7DE}.Release|Any CPU.Build.0 = Release|Any CPU
	EndGlobalSection
	GlobalSection(SolutionProperties) = preSolution
		HideSolutionNode = FALSE
	EndGlobalSection
	GlobalSection(ExtensibilityGlobals) = postSolution
		SolutionGuid = {5D7B62C7-C4D9-406F-91F0-8C84D6B43E8A}
	EndGlobalSection
EndGlobal
